
Microsoft Visual Studio Solution File, Format Version 12.00
# Visual Studio 15
Project("{FAE04EC0-301F-11D3-BF4B-00C04F79EFBC}") = "edudy-consumer", "edudy-consumer\edudy-consumer.csproj", "{BBC328A8-3540-4C91-BF97-78DE2A37C164}"
EndProject
Global
	GlobalSection(SolutionConfigurationPlatforms) = preSolution
		Debug|Any CPU = Debug|Any CPU
		Release|Any CPU = Release|Any CPU
	EndGlobalSection
	GlobalSection(ProjectConfigurationPlatforms) = postSolution
		{BBC328A8-3540-4C91-BF97-78DE2A37C164}.Debug|Any CPU.ActiveCfg = Debug|Any CPU
		{BBC328A8-3540-4C91-BF97-78DE2A37C164}.Debug|Any CPU.Build.0 = Debug|Any CPU
		{BBC328A8-3540-4C91-BF97-78DE2A37C164}.Release|Any CPU.ActiveCfg = Release|Any CPU
		{BBC328A8-3540-4C91-BF97-78DE2A37C164}.Release|Any CPU.Build.0 = Release|Any CPU
	EndGlobalSection
EndGlobal
